
Microsoft Visual Studio Solution File, Format Version 12.00
# Visual Studio Version 17
VisualStudioVersion = 17.1.32228.430
MinimumVisualStudioVersion = 10.0.40219.1
Project("{8BC9CEB8-8B4A-11D0-8D11-00A0C91BC942}") = "CharacterCreationCpp", "CharacterCreationCpp\CharacterCreationCpp.vcxproj", "{866806B5-1C6C-49EB-8B73-1C349F6B4698}"
EndProject
Global
	GlobalSection(SolutionConfigurationPlatforms) = preSolution
		Debug|x64 = Debug|x64
		Debug|x86 = Debug|x86
		Release|x64 = Release|x64
		Release|x86 = Release|x86
	EndGlobalSection
	GlobalSection(ProjectConfigurationPlatforms) = postSolution
		{866806B5-1C6C-49EB-8B73-1C349F6B4698}.Debug|x64.ActiveCfg = Debug|x64
		{866806B5-1C6C-49EB-8B73-1C349F6B4698}.Debug|x64.Build.0 = Debug|x64
		{866806B5-1C6C-49EB-8B73-1C349F6B4698}.Debug|x86.ActiveCfg = Debug|Win32
		{866806B5-1C6C-49EB-8B73-1C349F6B4698}.Debug|x86.Build.0 = Debug|Win32
		{866806B5-1C6C-49EB-8B73-1C349F6B4698}.Release|x64.ActiveCfg = Release|x64
		{866806B5-1C6C-49EB-8B73-1C349F6B4698}.Release|x64.Build.0 = Release|x64
		{866806B5-1C6C-49EB-8B73-1C349F6B4698}.Release|x86.ActiveCfg = Release|Win32
		{866806B5-1C6C-49EB-8B73-1C349F6B4698}.Release|x86.Build.0 = Release|Win32
	EndGlobalSection
	GlobalSection(SolutionProperties) = preSolution
		HideSolutionNode = FALSE
	EndGlobalSection
	GlobalSection(ExtensibilityGlobals) = postSolution
		SolutionGuid = {57FC9A13-DF22-4CFF-AB9D-920D6BCE6362}
	EndGlobalSection
EndGlobal
